
Microsoft Visual Studio Solution File, Format Version 12.00
# Visual Studio 15
VisualStudioVersion = 15.0.27130.2027
MinimumVisualStudioVersion = 10.0.40219.1
Project("{FAE04EC0-301F-11D3-BF4B-00C04F79EFBC}") = "NaviSystem", "NaviSystem\NaviSystem.csproj", "{4659E25E-81C6-4F48-9B4F-086BD31848D8}"
	ProjectSection(ProjectDependencies) = postProject
		{9D59252D-09B5-47AF-927E-2F149CE1AFC6} = {9D59252D-09B5-47AF-927E-2F149CE1AFC6}
	EndProjectSection
EndProject
Project("{2150E333-8FDC-42A3-9474-1A3956D46DE8}") = "Tests", "Tests", "{81A4F18E-4AD5-4B57-A770-26F77E6598F7}"
EndProject
Project("{FAE04EC0-301F-11D3-BF4B-00C04F79EFBC}") = "NaviSystem.Tests", "NaviSystem.DeviceCommunication.Test\NaviSystem.Tests.csproj", "{CDF51F07-F46F-4A4D-9D29-A4E2C52FA360}"
EndProject
Project("{FAE04EC0-301F-11D3-BF4B-00C04F79EFBC}") = "NaviSystem.Data", "NaviSystem.Date\NaviSystem.Data.csproj", "{9D59252D-09B5-47AF-927E-2F149CE1AFC6}"
EndProject
Project("{FAE04EC0-301F-11D3-BF4B-00C04F79EFBC}") = "NaviSystem.GIS", "NaviSystem.GIS\NaviSystem.GIS.csproj", "{B4DB2E38-27C8-41A7-941A-8BA191588050}"
EndProject
Project("{2150E333-8FDC-42A3-9474-1A3956D46DE8}") = "View", "View", "{A37617EF-861E-4DF3-A919-19AE29D31E85}"
EndProject
Project("{2150E333-8FDC-42A3-9474-1A3956D46DE8}") = "ViewModel", "ViewModel", "{1EFC6F92-B58C-40D0-B567-1C72075159D1}"
EndProject
Project("{2150E333-8FDC-42A3-9474-1A3956D46DE8}") = "Model", "Model", "{C43F7BE5-5197-4186-A2F5-CBA2E766BB41}"
EndProject
Project("{FAE04EC0-301F-11D3-BF4B-00C04F79EFBC}") = "NaviSystem.DeviceControl", "NaviSystem.DeviceControl\NaviSystem.DeviceControl.csproj", "{6EF6D74F-0D45-4EB9-BBC5-4E2B8CA2E1DC}"
EndProject
Project("{FAE04EC0-301F-11D3-BF4B-00C04F79EFBC}") = "ViewModel", "ViewModel\ViewModel.csproj", "{F9E9412E-C864-4713-8D5A-D80BBEF00892}"
EndProject
Global
	GlobalSection(SolutionConfigurationPlatforms) = preSolution
		Debug|Any CPU = Debug|Any CPU
		Debug|ARM = Debug|ARM
		Debug|x64 = Debug|x64
		Debug|x86 = Debug|x86
		Release|Any CPU = Release|Any CPU
		Release|ARM = Release|ARM
		Release|x64 = Release|x64
		Release|x86 = Release|x86
	EndGlobalSection
	GlobalSection(ProjectConfigurationPlatforms) = postSolution
		{4659E25E-81C6-4F48-9B4F-086BD31848D8}.Debug|Any CPU.ActiveCfg = Debug|Any CPU
		{4659E25E-81C6-4F48-9B4F-086BD31848D8}.Debug|Any CPU.Build.0 = Debug|Any CPU
		{4659E25E-81C6-4F48-9B4F-086BD31848D8}.Debug|ARM.ActiveCfg = Debug|Any CPU
		{4659E25E-81C6-4F48-9B4F-086BD31848D8}.Debug|ARM.Build.0 = Debug|Any CPU
		{4659E25E-81C6-4F48-9B4F-086BD31848D8}.Debug|x64.ActiveCfg = Debug|Any CPU
		{4659E25E-81C6-4F48-9B4F-086BD31848D8}.Debug|x64.Build.0 = Debug|Any CPU
		{4659E25E-81C6-4F48-9B4F-086BD31848D8}.Debug|x86.ActiveCfg = Debug|Any CPU
		{4659E25E-81C6-4F48-9B4F-086BD31848D8}.Debug|x86.Build.0 = Debug|Any CPU
		{4659E25E-81C6-4F48-9B4F-086BD31848D8}.Release|Any CPU.ActiveCfg = Release|Any CPU
		{4659E25E-81C6-4F48-9B4F-086BD31848D8}.Release|Any CPU.Build.0 = Release|Any CPU
		{4659E25E-81C6-4F48-9B4F-086BD31848D8}.Release|ARM.ActiveCfg = Release|Any CPU
		{4659E25E-81C6-4F48-9B4F-086BD31848D8}.Release|ARM.Build.0 = Release|Any CPU
		{4659E25E-81C6-4F48-9B4F-086BD31848D8}.Release|x64.ActiveCfg = Release|Any CPU
		{4659E25E-81C6-4F48-9B4F-086BD31848D8}.Release|x64.Build.0 = Release|Any CPU
		{4659E25E-81C6-4F48-9B4F-086BD31848D8}.Release|x86.ActiveCfg = Release|Any CPU
		{4659E25E-81C6-4F48-9B4F-086BD31848D8}.Release|x86.Build.0 = Release|Any CPU
		{CDF51F07-F46F-4A4D-9D29-A4E2C52FA360}.Debug|Any CPU.ActiveCfg = Debug|Any CPU
		{CDF51F07-F46F-4A4D-9D29-A4E2C52FA360}.Debug|Any CPU.Build.0 = Debug|Any CPU
		{CDF51F07-F46F-4A4D-9D29-A4E2C52FA360}.Debug|ARM.ActiveCfg = Debug|Any CPU
		{CDF51F07-F46F-4A4D-9D29-A4E2C52FA360}.Debug|ARM.Build.0 = Debug|Any CPU
		{CDF51F07-F46F-4A4D-9D29-A4E2C52FA360}.Debug|x64.ActiveCfg = Debug|Any CPU
		{CDF51F07-F46F-4A4D-9D29-A4E2C52FA360}.Debug|x64.Build.0 = Debug|Any CPU
		{CDF51F07-F46F-4A4D-9D29-A4E2C52FA360}.Debug|x86.ActiveCfg = Debug|Any CPU
		{CDF51F07-F46F-4A4D-9D29-A4E2C52FA360}.Debug|x86.Build.0 = Debug|Any CPU
		{CDF51F07-F46F-4A4D-9D29-A4E2C52FA360}.Release|Any CPU.ActiveCfg = Release|Any CPU
		{CDF51F07-F46F-4A4D-9D29-A4E2C52FA360}.Release|Any CPU.Build.0 = Release|Any CPU
		{CDF51F07-F46F-4A4D-9D29-A4E2C52FA360}.Release|ARM.ActiveCfg = Release|Any CPU
		{CDF51F07-F46F-4A4D-9D29-A4E2C52FA360}.Release|ARM.Build.0 = Release|Any CPU
		{CDF51F07-F46F-4A4D-9D29-A4E2C52FA360}.Release|x64.ActiveCfg = Release|Any CPU
		{CDF51F07-F46F-4A4D-9D29-A4E2C52FA360}.Release|x64.Build.0 = Release|Any CPU
		{CDF51F07-F46F-4A4D-9D29-A4E2C52FA360}.Release|x86.ActiveCfg = Release|Any CPU
		{CDF51F07-F46F-4A4D-9D29-A4E2C52FA360}.Release|x86.Build.0 = Release|Any CPU
		{9D59252D-09B5-47AF-927E-2F149CE1AFC6}.Debug|Any CPU.ActiveCfg = Debug|Any CPU
		{9D59252D-09B5-47AF-927E-2F149CE1AFC6}.Debug|Any CPU.Build.0 = Debug|Any CPU
		{9D59252D-09B5-47AF-927E-2F149CE1AFC6}.Debug|ARM.ActiveCfg = Debug|Any CPU
		{9D59252D-09B5-47AF-927E-2F149CE1AFC6}.Debug|ARM.Build.0 = Debug|Any CPU
		{9D59252D-09B5-47AF-927E-2F149CE1AFC6}.Debug|x64.ActiveCfg = Debug|Any CPU
		{9D59252D-09B5-47AF-927E-2F149CE1AFC6}.Debug|x64.Build.0 = Debug|Any CPU
		{9D59252D-09B5-47AF-927E-2F149CE1AFC6}.Debug|x86.ActiveCfg = Debug|Any CPU
		{9D59252D-09B5-47AF-927E-2F149CE1AFC6}.Debug|x86.Build.0 = Debug|Any CPU
		{9D59252D-09B5-47AF-927E-2F149CE1AFC6}.Release|Any CPU.ActiveCfg = Release|Any CPU
		{9D59252D-09B5-47AF-927E-2F149CE1AFC6}.Release|Any CPU.Build.0 = Release|Any CPU
		{9D59252D-09B5-47AF-927E-2F149CE1AFC6}.Release|ARM.ActiveCfg = Release|Any CPU
		{9D59252D-09B5-47AF-927E-2F149CE1AFC6}.Release|ARM.Build.0 = Release|Any CPU
		{9D59252D-09B5-47AF-927E-2F149CE1AFC6}.Release|x64.ActiveCfg = Release|Any CPU
		{9D59252D-09B5-47AF-927E-2F149CE1AFC6}.Release|x64.Build.0 = Release|Any CPU
		{9D59252D-09B5-47AF-927E-2F149CE1AFC6}.Release|x86.ActiveCfg = Release|Any CPU
		{9D59252D-09B5-47AF-927E-2F149CE1AFC6}.Release|x86.Build.0 = Release|Any CPU
		{B4DB2E38-27C8-41A7-941A-8BA191588050}.Debug|Any CPU.ActiveCfg = Debug|Any CPU
		{B4DB2E38-27C8-41A7-941A-8BA191588050}.Debug|Any CPU.Build.0 = Debug|Any CPU
		{B4DB2E38-27C8-41A7-941A-8BA191588050}.Debug|ARM.ActiveCfg = Debug|Any CPU
		{B4DB2E38-27C8-41A7-941A-8BA191588050}.Debug|ARM.Build.0 = Debug|Any CPU
		{B4DB2E38-27C8-41A7-941A-8BA191588050}.Debug|x64.ActiveCfg = Debug|Any CPU
		{B4DB2E38-27C8-41A7-941A-8BA191588050}.Debug|x64.Build.0 = Debug|Any CPU
		{B4DB2E38-27C8-41A7-941A-8BA191588050}.Debug|x86.ActiveCfg = Debug|Any CPU
		{B4DB2E38-27C8-41A7-941A-8BA191588050}.Debug|x86.Build.0 = Debug|Any CPU
		{B4DB2E38-27C8-41A7-941A-8BA191588050}.Release|Any CPU.ActiveCfg = Release|Any CPU
		{B4DB2E38-27C8-41A7-941A-8BA191588050}.Release|Any CPU.Build.0 = Release|Any CPU
		{B4DB2E38-27C8-41A7-941A-8BA191588050}.Release|ARM.ActiveCfg = Release|Any CPU
		{B4DB2E38-27C8-41A7-941A-8BA191588050}.Release|ARM.Build.0 = Release|Any CPU
		{B4DB2E38-27C8-41A7-941A-8BA191588050}.Release|x64.ActiveCfg = Release|Any CPU
		{B4DB2E38-27C8-41A7-941A-8BA191588050}.Release|x64.Build.0 = Release|Any CPU
		{B4DB2E38-27C8-41A7-941A-8BA191588050}.Release|x86.ActiveCfg = Release|Any CPU
		{B4DB2E38-27C8-41A7-941A-8BA191588050}.Release|x86.Build.0 = Release|Any CPU
		{6EF6D74F-0D45-4EB9-BBC5-4E2B8CA2E1DC}.Debug|Any CPU.ActiveCfg = Debug|Any CPU
		{6EF6D74F-0D45-4EB9-BBC5-4E2B8CA2E1DC}.Debug|Any CPU.Build.0 = Debug|Any CPU
		{6EF6D74F-0D45-4EB9-BBC5-4E2B8CA2E1DC}.Debug|ARM.ActiveCfg = Debug|Any CPU
		{6EF6D74F-0D45-4EB9-BBC5-4E2B8CA2E1DC}.Debug|ARM.Build.0 = Debug|Any CPU
		{6EF6D74F-0D45-4EB9-BBC5-4E2B8CA2E1DC}.Debug|x64.ActiveCfg = Debug|Any CPU
		{6EF6D74F-0D45-4EB9-BBC5-4E2B8CA2E1DC}.Debug|x64.Build.0 = Debug|Any CPU
		{6EF6D74F-0D45-4EB9-BBC5-4E2B8CA2E1DC}.Debug|x86.ActiveCfg = Debug|Any CPU
		{6EF6D74F-0D45-4EB9-BBC5-4E2B8CA2E1DC}.Debug|x86.Build.0 = Debug|Any CPU
		{6EF6D74F-0D45-4EB9-BBC5-4E2B8CA2E1DC}.Release|Any CPU.ActiveCfg = Release|Any CPU
		{6EF6D74F-0D45-4EB9-BBC5-4E2B8CA2E1DC}.Release|Any CPU.Build.0 = Release|Any CPU
		{6EF6D74F-0D45-4EB9-BBC5-4E2B8CA2E1DC}.Release|ARM.ActiveCfg = Release|Any CPU
		{6EF6D74F-0D45-4EB9-BBC5-4E2B8CA2E1DC}.Release|ARM.Build.0 = Release|Any CPU
		{6EF6D74F-0D45-4EB9-BBC5-4E2B8CA2E1DC}.Release|x64.ActiveCfg = Release|Any CPU
		{6EF6D74F-0D45-4EB9-BBC5-4E2B8CA2E1DC}.Release|x64.Build.0 = Release|Any CPU
		{6EF6D74F-0D45-4EB9-BBC5-4E2B8CA2E1DC}.Release|x86.ActiveCfg = Release|Any CPU
		{6EF6D74F-0D45-4EB9-BBC5-4E2B8CA2E1DC}.Release|x86.Build.0 = Release|Any CPU
		{F9E9412E-C864-4713-8D5A-D80BBEF00892}.Debug|Any CPU.ActiveCfg = Debug|Any CPU
		{F9E9412E-C864-4713-8D5A-D80BBEF00892}.Debug|Any CPU.Build.0 = Debug|Any CPU
		{F9E9412E-C864-4713-8D5A-D80BBEF00892}.Debug|ARM.ActiveCfg = Debug|Any CPU
		{F9E9412E-C864-4713-8D5A-D80BBEF00892}.Debug|ARM.Build.0 = Debug|Any CPU
		{F9E9412E-C864-4713-8D5A-D80BBEF00892}.Debug|x64.ActiveCfg = Debug|Any CPU
		{F9E9412E-C864-4713-8D5A-D80BBEF00892}.Debug|x64.Build.0 = Debug|Any CPU
		{F9E9412E-C864-4713-8D5A-D80BBEF00892}.Debug|x86.ActiveCfg = Debug|Any CPU
		{F9E9412E-C864-4713-8D5A-D80BBEF00892}.Debug|x86.Build.0 = Debug|Any CPU
		{F9E9412E-C864-4713-8D5A-D80BBEF00892}.Release|Any CPU.ActiveCfg = Release|Any CPU
		{F9E9412E-C864-4713-8D5A-D80BBEF00892}.Release|Any CPU.Build.0 = Release|Any CPU
		{F9E9412E-C864-4713-8D5A-D80BBEF00892}.Release|ARM.ActiveCfg = Release|Any CPU
		{F9E9412E-C864-4713-8D5A-D80BBEF00892}.Release|ARM.Build.0 = Release|Any CPU
		{F9E9412E-C864-4713-8D5A-D80BBEF00892}.Release|x64.ActiveCfg = Release|Any CPU
		{F9E9412E-C864-4713-8D5A-D80BBEF00892}.Release|x64.Build.0 = Release|Any CPU
		{F9E9412E-C864-4713-8D5A-D80BBEF00892}.Release|x86.ActiveCfg = Release|Any CPU
		{F9E9412E-C864-4713-8D5A-D80BBEF00892}.Release|x86.Build.0 = Release|Any CPU
	EndGlobalSection
	GlobalSection(SolutionProperties) = preSolution
		HideSolutionNode = FALSE
	EndGlobalSection
	GlobalSection(NestedProjects) = preSolution
		{4659E25E-81C6-4F48-9B4F-086BD31848D8} = {A37617EF-861E-4DF3-A919-19AE29D31E85}
		{CDF51F07-F46F-4A4D-9D29-A4E2C52FA360} = {81A4F18E-4AD5-4B57-A770-26F77E6598F7}
		{9D59252D-09B5-47AF-927E-2F149CE1AFC6} = {C43F7BE5-5197-4186-A2F5-CBA2E766BB41}
		{B4DB2E38-27C8-41A7-941A-8BA191588050} = {C43F7BE5-5197-4186-A2F5-CBA2E766BB41}
		{6EF6D74F-0D45-4EB9-BBC5-4E2B8CA2E1DC} = {C43F7BE5-5197-4186-A2F5-CBA2E766BB41}
		{F9E9412E-C864-4713-8D5A-D80BBEF00892} = {1EFC6F92-B58C-40D0-B567-1C72075159D1}
	EndGlobalSection
	GlobalSection(ExtensibilityGlobals) = postSolution
		SolutionGuid = {6DDB1BF9-0963-4254-B5C0-B76BFDB2A58D}
	EndGlobalSection
EndGlobal
